
Microsoft Visual Studio Solution File, Format Version 12.00
# Visual Studio 15
VisualStudioVersion = 15.0.27428.2005
MinimumVisualStudioVersion = 10.0.40219.1
Project("{FAE04EC0-301F-11D3-BF4B-00C04F79EFBC}") = "Tpjuego", "Tpjuego\Tpjuego.csproj", "{F828A7FB-9714-42C4-837B-A9490052D670}"
EndProject
Project("{FAE04EC0-301F-11D3-BF4B-00C04F79EFBC}") = "Test", "Test\Test.csproj", "{32CB48C1-8799-4109-995A-6D310319228B}"
EndProject
Global
	GlobalSection(SolutionConfigurationPlatforms) = preSolution
		Debug|Any CPU = Debug|Any CPU
		Release|Any CPU = Release|Any CPU
	EndGlobalSection
	GlobalSection(ProjectConfigurationPlatforms) = postSolution
		{F828A7FB-9714-42C4-837B-A9490052D670}.Debug|Any CPU.ActiveCfg = Debug|Any CPU
		{F828A7FB-9714-42C4-837B-A9490052D670}.Debug|Any CPU.Build.0 = Debug|Any CPU
		{F828A7FB-9714-42C4-837B-A9490052D670}.Release|Any CPU.ActiveCfg = Release|Any CPU
		{F828A7FB-9714-42C4-837B-A9490052D670}.Release|Any CPU.Build.0 = Release|Any CPU
		{32CB48C1-8799-4109-995A-6D310319228B}.Debug|Any CPU.ActiveCfg = Debug|Any CPU
		{32CB48C1-8799-4109-995A-6D310319228B}.Debug|Any CPU.Build.0 = Debug|Any CPU
		{32CB48C1-8799-4109-995A-6D310319228B}.Release|Any CPU.ActiveCfg = Release|Any CPU
		{32CB48C1-8799-4109-995A-6D310319228B}.Release|Any CPU.Build.0 = Release|Any CPU
	EndGlobalSection
	GlobalSection(SolutionProperties) = preSolution
		HideSolutionNode = FALSE
	EndGlobalSection
	GlobalSection(ExtensibilityGlobals) = postSolution
		SolutionGuid = {389C6403-66A7-42F8-8490-CE25F4772FF5}
	EndGlobalSection
EndGlobal
